
Microsoft Visual Studio Solution File, Format Version 12.00
# Visual Studio Version 16
Project("{2150E333-8FDC-42A3-9474-1A3956D46DE8}") = "Solution Items", "Solution Items", "{DD9491F3-D30E-4FD8-8B18-3EB316C1044F}"
	ProjectSection(SolutionItems) = preProject
		global.json = global.json
		README.md = README.md
		src\docker-compose.yml = src\docker-compose.yml
		src\docker-compose.override.yml = src\docker-compose.override.yml
		.dockerignore = .dockerignore
		resources\Tedu-Microservices-Solution_Architect.jpg = resources\Tedu-Microservices-Solution_Architect.jpg
	EndProjectSection
EndProject
Project("{2150E333-8FDC-42A3-9474-1A3956D46DE8}") = "src", "src", "{731E699E-62B0-413D-AB37-FAFF7BDBA602}"
EndProject
Project("{2150E333-8FDC-42A3-9474-1A3956D46DE8}") = "tests", "tests", "{9A15F314-DBA5-437C-8F42-E8C91906184B}"
EndProject
Project("{2150E333-8FDC-42A3-9474-1A3956D46DE8}") = "ApiGateways", "ApiGateways", "{74DBFDBA-4B8F-40A7-8DC4-7AFE2FF33F26}"
EndProject
Project("{2150E333-8FDC-42A3-9474-1A3956D46DE8}") = "BuildingBlocks", "BuildingBlocks", "{2D8FB126-B25D-4927-A831-69710F5AA913}"
EndProject
Project("{2150E333-8FDC-42A3-9474-1A3956D46DE8}") = "Services", "Services", "{D29D276A-9280-4A95-B094-F5DEE1DE756F}"
EndProject
Project("{2150E333-8FDC-42A3-9474-1A3956D46DE8}") = "WebApps", "WebApps", "{D15F8F70-CDF1-4B39-A125-F1D4713AC330}"
EndProject
Project("{FAE04EC0-301F-11D3-BF4B-00C04F79EFBC}") = "Common.Logging", "src\BuildingBlocks\Common.Logging\Common.Logging.csproj", "{5E935D43-600D-419E-AB64-CD9DCA91BC7B}"
EndProject
Project("{2150E333-8FDC-42A3-9474-1A3956D46DE8}") = "Product", "Product", "{4C6895C8-76DE-46BD-A316-FB2EBFD4606C}"
EndProject
Project("{2150E333-8FDC-42A3-9474-1A3956D46DE8}") = "Customer", "Customer", "{DC1C83C6-1156-4586-AF56-4F7DF10D9914}"
EndProject
Project("{2150E333-8FDC-42A3-9474-1A3956D46DE8}") = "Basket", "Basket", "{10D5BCD2-C51A-4507-9E61-91CD0E2FEA2F}"
EndProject
Project("{2150E333-8FDC-42A3-9474-1A3956D46DE8}") = "Ordering", "Ordering", "{4A4D6FD1-1E96-4C9F-A2F0-D8BABB5D58AA}"
EndProject
Project("{2150E333-8FDC-42A3-9474-1A3956D46DE8}") = "Inventory", "Inventory", "{2892DFB3-6D32-4371-AD85-32A4AA99B901}"
EndProject
Project("{2150E333-8FDC-42A3-9474-1A3956D46DE8}") = "ScheduledJob", "ScheduledJob", "{817A50E0-CB7D-4C33-A88F-4956AA1F8765}"
EndProject
Project("{FAE04EC0-301F-11D3-BF4B-00C04F79EFBC}") = "WebHealthStatus", "src\WebApps\WebHealthStatus\WebHealthStatus.csproj", "{2DB0338F-D086-4F47-8F07-5F8C1B4CAE54}"
EndProject
Project("{FAE04EC0-301F-11D3-BF4B-00C04F79EFBC}") = "Basket.API", "src\Services\Basket.API\Basket.API.csproj", "{7A11A12E-590E-4430-80D0-6C62DA32BE8A}"
EndProject
Project("{FAE04EC0-301F-11D3-BF4B-00C04F79EFBC}") = "Customer.API", "src\Services\Customer.API\Customer.API.csproj", "{359498AE-B8CC-4802-91F9-AD2ACFFEB857}"
EndProject
Project("{FAE04EC0-301F-11D3-BF4B-00C04F79EFBC}") = "Hangfire.API", "src\Services\Hangfire.API\Hangfire.API.csproj", "{718B1106-F0C2-4486-82AB-F5B8B3D2865D}"
EndProject
Project("{FAE04EC0-301F-11D3-BF4B-00C04F79EFBC}") = "Contracts", "src\BuildingBlocks\Contracts\Contracts.csproj", "{065A989C-27FC-4D14-A909-8B3EB208645E}"
EndProject
Project("{FAE04EC0-301F-11D3-BF4B-00C04F79EFBC}") = "Infrastructure", "src\BuildingBlocks\Infrastructure\Infrastructure.csproj", "{116A730D-F033-4148-9831-2F9B20936A5D}"
EndProject
Project("{FAE04EC0-301F-11D3-BF4B-00C04F79EFBC}") = "Shared", "src\BuildingBlocks\Shared\Shared.csproj", "{FD0441F0-FC18-4EE5-A913-0660FBF785A4}"
EndProject
Project("{FAE04EC0-301F-11D3-BF4B-00C04F79EFBC}") = "OcelotApiGw", "src\ApiGateways\OcelotApiGw\OcelotApiGw.csproj", "{ED3E9200-7FFD-48AE-A536-4D4C48AE5800}"
EndProject
Project("{FAE04EC0-301F-11D3-BF4B-00C04F79EFBC}") = "Ordering.API", "src\Services\Ordering\Ordering.API\Ordering.API.csproj", "{F34722E3-F704-4FFB-9A84-0D4FB31E1545}"
EndProject
Project("{FAE04EC0-301F-11D3-BF4B-00C04F79EFBC}") = "Ordering.Application", "src\Services\Ordering\Ordering.Application\Ordering.Application.csproj", "{C3121BE1-16FD-445D-AB9F-E888A1C1B10C}"
EndProject
Project("{FAE04EC0-301F-11D3-BF4B-00C04F79EFBC}") = "Ordering.Domain", "src\Services\Ordering\Ordering.Domain\Ordering.Domain.csproj", "{817E12E1-8E0B-45DA-B8DA-11A2F7081C50}"
EndProject
Project("{FAE04EC0-301F-11D3-BF4B-00C04F79EFBC}") = "Ordering.Infrastructure", "src\Services\Ordering\Ordering.Infrastructure\Ordering.Infrastructure.csproj", "{1F9B5A6E-C552-4011-B301-735BDD6EC69B}"
EndProject
Project("{2150E333-8FDC-42A3-9474-1A3956D46DE8}") = "EventBus", "EventBus", "{63EC954F-569D-4EA5-AF92-420F8C0B0E6C}"
EndProject
Project("{FAE04EC0-301F-11D3-BF4B-00C04F79EFBC}") = "EventBus.Messages", "src\BuildingBlocks\EventBus\EventBus.Messages\EventBus.Messages.csproj", "{CD3A76D3-B301-4587-BA2F-AA4C8A2307D4}"
EndProject
Project("{FAE04EC0-301F-11D3-BF4B-00C04F79EFBC}") = "Product.API", "src\Services\Product.API\Product.API.csproj", "{88392276-2ED8-4C93-8173-499CED376508}"
EndProject
Project("{FAE04EC0-301F-11D3-BF4B-00C04F79EFBC}") = "Inventory.Product.API", "src\Services\Inventory\Inventory.Product.API\Inventory.Product.API.csproj", "{F4940949-BA41-439C-8F8D-A88BA3F196B4}"
EndProject
Project("{FAE04EC0-301F-11D3-BF4B-00C04F79EFBC}") = "Inventory.Grpc", "src\Services\Inventory\Inventory.Grpc\Inventory.Grpc.csproj", "{48EBF24A-DE14-420B-96AB-01799B9C78E3}"
EndProject
Global
	GlobalSection(SolutionConfigurationPlatforms) = preSolution
		Debug|Any CPU = Debug|Any CPU
		Release|Any CPU = Release|Any CPU
	EndGlobalSection
	GlobalSection(NestedProjects) = preSolution
		{74DBFDBA-4B8F-40A7-8DC4-7AFE2FF33F26} = {731E699E-62B0-413D-AB37-FAFF7BDBA602}
		{2D8FB126-B25D-4927-A831-69710F5AA913} = {731E699E-62B0-413D-AB37-FAFF7BDBA602}
		{D29D276A-9280-4A95-B094-F5DEE1DE756F} = {731E699E-62B0-413D-AB37-FAFF7BDBA602}
		{D15F8F70-CDF1-4B39-A125-F1D4713AC330} = {731E699E-62B0-413D-AB37-FAFF7BDBA602}
		{5E935D43-600D-419E-AB64-CD9DCA91BC7B} = {2D8FB126-B25D-4927-A831-69710F5AA913}
		{4C6895C8-76DE-46BD-A316-FB2EBFD4606C} = {D29D276A-9280-4A95-B094-F5DEE1DE756F}
		{DC1C83C6-1156-4586-AF56-4F7DF10D9914} = {D29D276A-9280-4A95-B094-F5DEE1DE756F}
		{10D5BCD2-C51A-4507-9E61-91CD0E2FEA2F} = {D29D276A-9280-4A95-B094-F5DEE1DE756F}
		{4A4D6FD1-1E96-4C9F-A2F0-D8BABB5D58AA} = {D29D276A-9280-4A95-B094-F5DEE1DE756F}
		{2892DFB3-6D32-4371-AD85-32A4AA99B901} = {D29D276A-9280-4A95-B094-F5DEE1DE756F}
		{817A50E0-CB7D-4C33-A88F-4956AA1F8765} = {D29D276A-9280-4A95-B094-F5DEE1DE756F}
		{2DB0338F-D086-4F47-8F07-5F8C1B4CAE54} = {D15F8F70-CDF1-4B39-A125-F1D4713AC330}
		{7A11A12E-590E-4430-80D0-6C62DA32BE8A} = {10D5BCD2-C51A-4507-9E61-91CD0E2FEA2F}
		{359498AE-B8CC-4802-91F9-AD2ACFFEB857} = {DC1C83C6-1156-4586-AF56-4F7DF10D9914}
		{718B1106-F0C2-4486-82AB-F5B8B3D2865D} = {817A50E0-CB7D-4C33-A88F-4956AA1F8765}
		{065A989C-27FC-4D14-A909-8B3EB208645E} = {2D8FB126-B25D-4927-A831-69710F5AA913}
		{116A730D-F033-4148-9831-2F9B20936A5D} = {2D8FB126-B25D-4927-A831-69710F5AA913}
		{FD0441F0-FC18-4EE5-A913-0660FBF785A4} = {2D8FB126-B25D-4927-A831-69710F5AA913}
		{ED3E9200-7FFD-48AE-A536-4D4C48AE5800} = {74DBFDBA-4B8F-40A7-8DC4-7AFE2FF33F26}
		{F34722E3-F704-4FFB-9A84-0D4FB31E1545} = {4A4D6FD1-1E96-4C9F-A2F0-D8BABB5D58AA}
		{C3121BE1-16FD-445D-AB9F-E888A1C1B10C} = {4A4D6FD1-1E96-4C9F-A2F0-D8BABB5D58AA}
		{817E12E1-8E0B-45DA-B8DA-11A2F7081C50} = {4A4D6FD1-1E96-4C9F-A2F0-D8BABB5D58AA}
		{1F9B5A6E-C552-4011-B301-735BDD6EC69B} = {4A4D6FD1-1E96-4C9F-A2F0-D8BABB5D58AA}
		{63EC954F-569D-4EA5-AF92-420F8C0B0E6C} = {2D8FB126-B25D-4927-A831-69710F5AA913}
		{CD3A76D3-B301-4587-BA2F-AA4C8A2307D4} = {63EC954F-569D-4EA5-AF92-420F8C0B0E6C}
		{88392276-2ED8-4C93-8173-499CED376508} = {4C6895C8-76DE-46BD-A316-FB2EBFD4606C}
		{F4940949-BA41-439C-8F8D-A88BA3F196B4} = {2892DFB3-6D32-4371-AD85-32A4AA99B901}
		{48EBF24A-DE14-420B-96AB-01799B9C78E3} = {2892DFB3-6D32-4371-AD85-32A4AA99B901}
	EndGlobalSection
	GlobalSection(ProjectConfigurationPlatforms) = postSolution
		{5E935D43-600D-419E-AB64-CD9DCA91BC7B}.Debug|Any CPU.ActiveCfg = Debug|Any CPU
		{5E935D43-600D-419E-AB64-CD9DCA91BC7B}.Debug|Any CPU.Build.0 = Debug|Any CPU
		{5E935D43-600D-419E-AB64-CD9DCA91BC7B}.Release|Any CPU.ActiveCfg = Release|Any CPU
		{5E935D43-600D-419E-AB64-CD9DCA91BC7B}.Release|Any CPU.Build.0 = Release|Any CPU
		{2DB0338F-D086-4F47-8F07-5F8C1B4CAE54}.Debug|Any CPU.ActiveCfg = Debug|Any CPU
		{2DB0338F-D086-4F47-8F07-5F8C1B4CAE54}.Debug|Any CPU.Build.0 = Debug|Any CPU
		{2DB0338F-D086-4F47-8F07-5F8C1B4CAE54}.Release|Any CPU.ActiveCfg = Release|Any CPU
		{2DB0338F-D086-4F47-8F07-5F8C1B4CAE54}.Release|Any CPU.Build.0 = Release|Any CPU
		{7A11A12E-590E-4430-80D0-6C62DA32BE8A}.Debug|Any CPU.ActiveCfg = Debug|Any CPU
		{7A11A12E-590E-4430-80D0-6C62DA32BE8A}.Debug|Any CPU.Build.0 = Debug|Any CPU
		{7A11A12E-590E-4430-80D0-6C62DA32BE8A}.Release|Any CPU.ActiveCfg = Release|Any CPU
		{7A11A12E-590E-4430-80D0-6C62DA32BE8A}.Release|Any CPU.Build.0 = Release|Any CPU
		{359498AE-B8CC-4802-91F9-AD2ACFFEB857}.Debug|Any CPU.ActiveCfg = Debug|Any CPU
		{359498AE-B8CC-4802-91F9-AD2ACFFEB857}.Debug|Any CPU.Build.0 = Debug|Any CPU
		{359498AE-B8CC-4802-91F9-AD2ACFFEB857}.Release|Any CPU.ActiveCfg = Release|Any CPU
		{359498AE-B8CC-4802-91F9-AD2ACFFEB857}.Release|Any CPU.Build.0 = Release|Any CPU
		{718B1106-F0C2-4486-82AB-F5B8B3D2865D}.Debug|Any CPU.ActiveCfg = Debug|Any CPU
		{718B1106-F0C2-4486-82AB-F5B8B3D2865D}.Debug|Any CPU.Build.0 = Debug|Any CPU
		{718B1106-F0C2-4486-82AB-F5B8B3D2865D}.Release|Any CPU.ActiveCfg = Release|Any CPU
		{718B1106-F0C2-4486-82AB-F5B8B3D2865D}.Release|Any CPU.Build.0 = Release|Any CPU
		{065A989C-27FC-4D14-A909-8B3EB208645E}.Debug|Any CPU.ActiveCfg = Debug|Any CPU
		{065A989C-27FC-4D14-A909-8B3EB208645E}.Debug|Any CPU.Build.0 = Debug|Any CPU
		{065A989C-27FC-4D14-A909-8B3EB208645E}.Release|Any CPU.ActiveCfg = Release|Any CPU
		{065A989C-27FC-4D14-A909-8B3EB208645E}.Release|Any CPU.Build.0 = Release|Any CPU
		{116A730D-F033-4148-9831-2F9B20936A5D}.Debug|Any CPU.ActiveCfg = Debug|Any CPU
		{116A730D-F033-4148-9831-2F9B20936A5D}.Debug|Any CPU.Build.0 = Debug|Any CPU
		{116A730D-F033-4148-9831-2F9B20936A5D}.Release|Any CPU.ActiveCfg = Release|Any CPU
		{116A730D-F033-4148-9831-2F9B20936A5D}.Release|Any CPU.Build.0 = Release|Any CPU
		{FD0441F0-FC18-4EE5-A913-0660FBF785A4}.Debug|Any CPU.ActiveCfg = Debug|Any CPU
		{FD0441F0-FC18-4EE5-A913-0660FBF785A4}.Debug|Any CPU.Build.0 = Debug|Any CPU
		{FD0441F0-FC18-4EE5-A913-0660FBF785A4}.Release|Any CPU.ActiveCfg = Release|Any CPU
		{FD0441F0-FC18-4EE5-A913-0660FBF785A4}.Release|Any CPU.Build.0 = Release|Any CPU
		{ED3E9200-7FFD-48AE-A536-4D4C48AE5800}.Debug|Any CPU.ActiveCfg = Debug|Any CPU
		{ED3E9200-7FFD-48AE-A536-4D4C48AE5800}.Debug|Any CPU.Build.0 = Debug|Any CPU
		{ED3E9200-7FFD-48AE-A536-4D4C48AE5800}.Release|Any CPU.ActiveCfg = Release|Any CPU
		{ED3E9200-7FFD-48AE-A536-4D4C48AE5800}.Release|Any CPU.Build.0 = Release|Any CPU
		{F34722E3-F704-4FFB-9A84-0D4FB31E1545}.Debug|Any CPU.ActiveCfg = Debug|Any CPU
		{F34722E3-F704-4FFB-9A84-0D4FB31E1545}.Debug|Any CPU.Build.0 = Debug|Any CPU
		{F34722E3-F704-4FFB-9A84-0D4FB31E1545}.Release|Any CPU.ActiveCfg = Release|Any CPU
		{F34722E3-F704-4FFB-9A84-0D4FB31E1545}.Release|Any CPU.Build.0 = Release|Any CPU
		{C3121BE1-16FD-445D-AB9F-E888A1C1B10C}.Debug|Any CPU.ActiveCfg = Debug|Any CPU
		{C3121BE1-16FD-445D-AB9F-E888A1C1B10C}.Debug|Any CPU.Build.0 = Debug|Any CPU
		{C3121BE1-16FD-445D-AB9F-E888A1C1B10C}.Release|Any CPU.ActiveCfg = Release|Any CPU
		{C3121BE1-16FD-445D-AB9F-E888A1C1B10C}.Release|Any CPU.Build.0 = Release|Any CPU
		{817E12E1-8E0B-45DA-B8DA-11A2F7081C50}.Debug|Any CPU.ActiveCfg = Debug|Any CPU
		{817E12E1-8E0B-45DA-B8DA-11A2F7081C50}.Debug|Any CPU.Build.0 = Debug|Any CPU
		{817E12E1-8E0B-45DA-B8DA-11A2F7081C50}.Release|Any CPU.ActiveCfg = Release|Any CPU
		{817E12E1-8E0B-45DA-B8DA-11A2F7081C50}.Release|Any CPU.Build.0 = Release|Any CPU
		{1F9B5A6E-C552-4011-B301-735BDD6EC69B}.Debug|Any CPU.ActiveCfg = Debug|Any CPU
		{1F9B5A6E-C552-4011-B301-735BDD6EC69B}.Debug|Any CPU.Build.0 = Debug|Any CPU
		{1F9B5A6E-C552-4011-B301-735BDD6EC69B}.Release|Any CPU.ActiveCfg = Release|Any CPU
		{1F9B5A6E-C552-4011-B301-735BDD6EC69B}.Release|Any CPU.Build.0 = Release|Any CPU
		{CD3A76D3-B301-4587-BA2F-AA4C8A2307D4}.Debug|Any CPU.ActiveCfg = Debug|Any CPU
		{CD3A76D3-B301-4587-BA2F-AA4C8A2307D4}.Debug|Any CPU.Build.0 = Debug|Any CPU
		{CD3A76D3-B301-4587-BA2F-AA4C8A2307D4}.Release|Any CPU.ActiveCfg = Release|Any CPU
		{CD3A76D3-B301-4587-BA2F-AA4C8A2307D4}.Release|Any CPU.Build.0 = Release|Any CPU
		{88392276-2ED8-4C93-8173-499CED376508}.Debug|Any CPU.ActiveCfg = Debug|Any CPU
		{88392276-2ED8-4C93-8173-499CED376508}.Debug|Any CPU.Build.0 = Debug|Any CPU
		{88392276-2ED8-4C93-8173-499CED376508}.Release|Any CPU.ActiveCfg = Release|Any CPU
		{88392276-2ED8-4C93-8173-499CED376508}.Release|Any CPU.Build.0 = Release|Any CPU
		{F4940949-BA41-439C-8F8D-A88BA3F196B4}.Debug|Any CPU.ActiveCfg = Debug|Any CPU
		{F4940949-BA41-439C-8F8D-A88BA3F196B4}.Debug|Any CPU.Build.0 = Debug|Any CPU
		{F4940949-BA41-439C-8F8D-A88BA3F196B4}.Release|Any CPU.ActiveCfg = Release|Any CPU
		{F4940949-BA41-439C-8F8D-A88BA3F196B4}.Release|Any CPU.Build.0 = Release|Any CPU
		{48EBF24A-DE14-420B-96AB-01799B9C78E3}.Debug|Any CPU.ActiveCfg = Debug|Any CPU
		{48EBF24A-DE14-420B-96AB-01799B9C78E3}.Debug|Any CPU.Build.0 = Debug|Any CPU
		{48EBF24A-DE14-420B-96AB-01799B9C78E3}.Release|Any CPU.ActiveCfg = Release|Any CPU
		{48EBF24A-DE14-420B-96AB-01799B9C78E3}.Release|Any CPU.Build.0 = Release|Any CPU
	EndGlobalSection
EndGlobal
