
Microsoft Visual Studio Solution File, Format Version 12.00
Project("{2150E333-8FDC-42A3-9474-1A3956D46DE8}") = "Solution Items", "Solution Items", "{293BAE15-BA28-47E5-8ECC-EE734EBE3B66}"
	ProjectSection(SolutionItems) = preProject
		src\docker-compose.yml = src\docker-compose.yml
		src\docker-compose.override.yml = src\docker-compose.override.yml
		.dockerignore = .dockerignore
	EndProjectSection
EndProject
Project("{2150E333-8FDC-42A3-9474-1A3956D46DE8}") = "src", "src", "{F3622583-5F0C-4533-A9F6-FBE70C2A45E4}"
EndProject
Project("{2150E333-8FDC-42A3-9474-1A3956D46DE8}") = "test", "test", "{5314198C-350E-4DA7-856E-C5E7D5F284AE}"
EndProject
Project("{2150E333-8FDC-42A3-9474-1A3956D46DE8}") = "ApiGateways", "ApiGateways", "{E3CA9721-7167-4BFD-B79F-CA434F904295}"
EndProject
Project("{2150E333-8FDC-42A3-9474-1A3956D46DE8}") = "BuildingBlocks", "BuildingBlocks", "{A941135C-7A9A-4F95-A56E-A7B5093E80F0}"
EndProject
Project("{2150E333-8FDC-42A3-9474-1A3956D46DE8}") = "Services", "Services", "{A301C2A1-F01C-4357-82CF-D180367C1194}"
EndProject
Project("{2150E333-8FDC-42A3-9474-1A3956D46DE8}") = "WebApps", "WebApps", "{3790F901-6590-4469-8BE7-22FC2A6CC8F5}"
EndProject
Project("{FAE04EC0-301F-11D3-BF4B-00C04F79EFBC}") = "Common.Logging", "src\BuildingBlocks\Common.Logging\Common.Logging.csproj", "{2CE0211F-391F-4E85-BC71-EEB8F7669704}"
EndProject
Project("{2150E333-8FDC-42A3-9474-1A3956D46DE8}") = "Product", "Product", "{24EFEE7F-7F97-49F4-B52B-887D678E2F08}"
EndProject
Project("{2150E333-8FDC-42A3-9474-1A3956D46DE8}") = "Customer", "Customer", "{FCBEA957-7AA1-42B4-A60E-0CDCDA65D314}"
EndProject
Project("{2150E333-8FDC-42A3-9474-1A3956D46DE8}") = "Basket", "Basket", "{B57874CA-DDAC-4CCE-A89F-01655ACB51F7}"
EndProject
Project("{2150E333-8FDC-42A3-9474-1A3956D46DE8}") = "Inventory", "Inventory", "{81C65DD1-9B03-4324-AD2E-9558B90D1A75}"
EndProject
Project("{2150E333-8FDC-42A3-9474-1A3956D46DE8}") = "Scheduled", "Scheduled", "{8D923FC4-AA6C-4153-951B-B0C961691938}"
EndProject
Project("{FAE04EC0-301F-11D3-BF4B-00C04F79EFBC}") = "WebHealthStatus", "src\WebApps\WebHealthStatus\WebHealthStatus.csproj", "{FDAE33DC-73CB-417E-89DD-F976DD892931}"
EndProject
Project("{FAE04EC0-301F-11D3-BF4B-00C04F79EFBC}") = "Basket.API", "src\Services\Basket.API\Basket.API.csproj", "{6F45A5FC-9320-4A69-A04D-4D35108838F3}"
EndProject
Project("{FAE04EC0-301F-11D3-BF4B-00C04F79EFBC}") = "Customer.API", "src\Services\Customer.API\Customer.API.csproj", "{D2ADA742-046C-47AF-AE6B-D0A6F684B24B}"
EndProject
Project("{FAE04EC0-301F-11D3-BF4B-00C04F79EFBC}") = "Inventory.Customer.API", "src\Services\Inventory.Customer.API\Inventory.Customer.API.csproj", "{C4FBA585-9169-435A-847F-080A30C79BE7}"
EndProject
Project("{FAE04EC0-301F-11D3-BF4B-00C04F79EFBC}") = "Product.API", "src\Services\Product.API\Product.API.csproj", "{8D680AC0-5A6E-4E59-8700-F952404036FD}"
EndProject
Project("{FAE04EC0-301F-11D3-BF4B-00C04F79EFBC}") = "Hangfire.API", "src\Services\Hangfire.API\Hangfire.API.csproj", "{124B1927-9D7D-4452-B258-13BBA8E335F0}"
EndProject
Project("{FAE04EC0-301F-11D3-BF4B-00C04F79EFBC}") = "Contracts", "src\BuildingBlocks\Contracts\Contracts.csproj", "{920E95AF-F760-438B-8F4D-EDAD054C5FB6}"
EndProject
Project("{FAE04EC0-301F-11D3-BF4B-00C04F79EFBC}") = "Infrastructure", "src\BuildingBlocks\Infrastructure\Infrastructure.csproj", "{6979CEAC-7775-4ACF-81AF-C1A4766C2DA1}"
EndProject
Project("{FAE04EC0-301F-11D3-BF4B-00C04F79EFBC}") = "Shared", "src\BuildingBlocks\Shared\Shared.csproj", "{3EAF1574-6A5E-411D-84DC-492984F6A131}"
EndProject
Project("{FAE04EC0-301F-11D3-BF4B-00C04F79EFBC}") = "OcelotApiGw", "src\ApiGateways\OcelotApiGw\OcelotApiGw.csproj", "{571B1F93-9EE1-4B71-9F97-06AF5F4D82EB}"
EndProject
Project("{2150E333-8FDC-42A3-9474-1A3956D46DE8}") = "Ordering", "Ordering", "{5D57BD65-F9F7-4722-A09B-5A40FBE4058B}"
EndProject
Project("{FAE04EC0-301F-11D3-BF4B-00C04F79EFBC}") = "Ordering.API", "src\Services\Ordering\Ordering.API\Ordering.API.csproj", "{FC119DCA-EEB5-47A2-9A74-627A99DB3ED1}"
EndProject
Project("{FAE04EC0-301F-11D3-BF4B-00C04F79EFBC}") = "Ordering.Domain", "src\Services\Ordering\Ordering.Domain\Ordering.Domain.csproj", "{182296E6-8C89-499C-AD06-A4038C3FB9C1}"
EndProject
Project("{FAE04EC0-301F-11D3-BF4B-00C04F79EFBC}") = "Ordering.Infrastructure", "src\Services\Ordering\Ordering.Infrastructure\Ordering.Infrastructure.csproj", "{AD3A8977-4548-4C55-B586-A02FFA79D113}"
EndProject
Project("{2150E333-8FDC-42A3-9474-1A3956D46DE8}") = "EventBus", "EventBus", "{229FA8DC-D7DC-4C11-AAB5-4E5C767C07B6}"
EndProject
Project("{FAE04EC0-301F-11D3-BF4B-00C04F79EFBC}") = "EventBus.Messages", "src\BuildingBlocks\EventBus\EventBus.Messages\EventBus.Messages.csproj", "{1283E371-D6D2-4C70-815D-DD22465AEF87}"
EndProject
Project("{FAE04EC0-301F-11D3-BF4B-00C04F79EFBC}") = "Ordering.Application", "src\Services\Ordering\Ordering.Application\Ordering.Application.csproj", "{B5B837F9-3F5E-412E-8A51-D97DE986FD24}"
EndProject
Global
	GlobalSection(SolutionConfigurationPlatforms) = preSolution
		Debug|Any CPU = Debug|Any CPU
		Release|Any CPU = Release|Any CPU
	EndGlobalSection
	GlobalSection(NestedProjects) = preSolution
		{E3CA9721-7167-4BFD-B79F-CA434F904295} = {F3622583-5F0C-4533-A9F6-FBE70C2A45E4}
		{A941135C-7A9A-4F95-A56E-A7B5093E80F0} = {F3622583-5F0C-4533-A9F6-FBE70C2A45E4}
		{A301C2A1-F01C-4357-82CF-D180367C1194} = {F3622583-5F0C-4533-A9F6-FBE70C2A45E4}
		{3790F901-6590-4469-8BE7-22FC2A6CC8F5} = {F3622583-5F0C-4533-A9F6-FBE70C2A45E4}
		{2CE0211F-391F-4E85-BC71-EEB8F7669704} = {A941135C-7A9A-4F95-A56E-A7B5093E80F0}
		{24EFEE7F-7F97-49F4-B52B-887D678E2F08} = {A301C2A1-F01C-4357-82CF-D180367C1194}
		{FCBEA957-7AA1-42B4-A60E-0CDCDA65D314} = {A301C2A1-F01C-4357-82CF-D180367C1194}
		{B57874CA-DDAC-4CCE-A89F-01655ACB51F7} = {A301C2A1-F01C-4357-82CF-D180367C1194}
		{81C65DD1-9B03-4324-AD2E-9558B90D1A75} = {A301C2A1-F01C-4357-82CF-D180367C1194}
		{8D923FC4-AA6C-4153-951B-B0C961691938} = {A301C2A1-F01C-4357-82CF-D180367C1194}
		{FDAE33DC-73CB-417E-89DD-F976DD892931} = {3790F901-6590-4469-8BE7-22FC2A6CC8F5}
		{6F45A5FC-9320-4A69-A04D-4D35108838F3} = {B57874CA-DDAC-4CCE-A89F-01655ACB51F7}
		{D2ADA742-046C-47AF-AE6B-D0A6F684B24B} = {FCBEA957-7AA1-42B4-A60E-0CDCDA65D314}
		{C4FBA585-9169-435A-847F-080A30C79BE7} = {81C65DD1-9B03-4324-AD2E-9558B90D1A75}
		{8D680AC0-5A6E-4E59-8700-F952404036FD} = {24EFEE7F-7F97-49F4-B52B-887D678E2F08}
		{124B1927-9D7D-4452-B258-13BBA8E335F0} = {8D923FC4-AA6C-4153-951B-B0C961691938}
		{920E95AF-F760-438B-8F4D-EDAD054C5FB6} = {A941135C-7A9A-4F95-A56E-A7B5093E80F0}
		{6979CEAC-7775-4ACF-81AF-C1A4766C2DA1} = {A941135C-7A9A-4F95-A56E-A7B5093E80F0}
		{3EAF1574-6A5E-411D-84DC-492984F6A131} = {A941135C-7A9A-4F95-A56E-A7B5093E80F0}
		{571B1F93-9EE1-4B71-9F97-06AF5F4D82EB} = {E3CA9721-7167-4BFD-B79F-CA434F904295}
		{5D57BD65-F9F7-4722-A09B-5A40FBE4058B} = {A301C2A1-F01C-4357-82CF-D180367C1194}
		{FC119DCA-EEB5-47A2-9A74-627A99DB3ED1} = {5D57BD65-F9F7-4722-A09B-5A40FBE4058B}
		{182296E6-8C89-499C-AD06-A4038C3FB9C1} = {5D57BD65-F9F7-4722-A09B-5A40FBE4058B}
		{AD3A8977-4548-4C55-B586-A02FFA79D113} = {5D57BD65-F9F7-4722-A09B-5A40FBE4058B}
		{229FA8DC-D7DC-4C11-AAB5-4E5C767C07B6} = {A941135C-7A9A-4F95-A56E-A7B5093E80F0}
		{1283E371-D6D2-4C70-815D-DD22465AEF87} = {229FA8DC-D7DC-4C11-AAB5-4E5C767C07B6}
		{B5B837F9-3F5E-412E-8A51-D97DE986FD24} = {5D57BD65-F9F7-4722-A09B-5A40FBE4058B}
	EndGlobalSection
	GlobalSection(ProjectConfigurationPlatforms) = postSolution
		{2CE0211F-391F-4E85-BC71-EEB8F7669704}.Debug|Any CPU.ActiveCfg = Debug|Any CPU
		{2CE0211F-391F-4E85-BC71-EEB8F7669704}.Debug|Any CPU.Build.0 = Debug|Any CPU
		{2CE0211F-391F-4E85-BC71-EEB8F7669704}.Release|Any CPU.ActiveCfg = Release|Any CPU
		{2CE0211F-391F-4E85-BC71-EEB8F7669704}.Release|Any CPU.Build.0 = Release|Any CPU
		{FDAE33DC-73CB-417E-89DD-F976DD892931}.Debug|Any CPU.ActiveCfg = Debug|Any CPU
		{FDAE33DC-73CB-417E-89DD-F976DD892931}.Debug|Any CPU.Build.0 = Debug|Any CPU
		{FDAE33DC-73CB-417E-89DD-F976DD892931}.Release|Any CPU.ActiveCfg = Release|Any CPU
		{FDAE33DC-73CB-417E-89DD-F976DD892931}.Release|Any CPU.Build.0 = Release|Any CPU
		{6F45A5FC-9320-4A69-A04D-4D35108838F3}.Debug|Any CPU.ActiveCfg = Debug|Any CPU
		{6F45A5FC-9320-4A69-A04D-4D35108838F3}.Debug|Any CPU.Build.0 = Debug|Any CPU
		{6F45A5FC-9320-4A69-A04D-4D35108838F3}.Release|Any CPU.ActiveCfg = Release|Any CPU
		{6F45A5FC-9320-4A69-A04D-4D35108838F3}.Release|Any CPU.Build.0 = Release|Any CPU
		{D2ADA742-046C-47AF-AE6B-D0A6F684B24B}.Debug|Any CPU.ActiveCfg = Debug|Any CPU
		{D2ADA742-046C-47AF-AE6B-D0A6F684B24B}.Debug|Any CPU.Build.0 = Debug|Any CPU
		{D2ADA742-046C-47AF-AE6B-D0A6F684B24B}.Release|Any CPU.ActiveCfg = Release|Any CPU
		{D2ADA742-046C-47AF-AE6B-D0A6F684B24B}.Release|Any CPU.Build.0 = Release|Any CPU
		{C4FBA585-9169-435A-847F-080A30C79BE7}.Debug|Any CPU.ActiveCfg = Debug|Any CPU
		{C4FBA585-9169-435A-847F-080A30C79BE7}.Debug|Any CPU.Build.0 = Debug|Any CPU
		{C4FBA585-9169-435A-847F-080A30C79BE7}.Release|Any CPU.ActiveCfg = Release|Any CPU
		{C4FBA585-9169-435A-847F-080A30C79BE7}.Release|Any CPU.Build.0 = Release|Any CPU
		{8D680AC0-5A6E-4E59-8700-F952404036FD}.Debug|Any CPU.ActiveCfg = Debug|Any CPU
		{8D680AC0-5A6E-4E59-8700-F952404036FD}.Debug|Any CPU.Build.0 = Debug|Any CPU
		{8D680AC0-5A6E-4E59-8700-F952404036FD}.Release|Any CPU.ActiveCfg = Release|Any CPU
		{8D680AC0-5A6E-4E59-8700-F952404036FD}.Release|Any CPU.Build.0 = Release|Any CPU
		{124B1927-9D7D-4452-B258-13BBA8E335F0}.Debug|Any CPU.ActiveCfg = Debug|Any CPU
		{124B1927-9D7D-4452-B258-13BBA8E335F0}.Debug|Any CPU.Build.0 = Debug|Any CPU
		{124B1927-9D7D-4452-B258-13BBA8E335F0}.Release|Any CPU.ActiveCfg = Release|Any CPU
		{124B1927-9D7D-4452-B258-13BBA8E335F0}.Release|Any CPU.Build.0 = Release|Any CPU
		{920E95AF-F760-438B-8F4D-EDAD054C5FB6}.Debug|Any CPU.ActiveCfg = Debug|Any CPU
		{920E95AF-F760-438B-8F4D-EDAD054C5FB6}.Debug|Any CPU.Build.0 = Debug|Any CPU
		{920E95AF-F760-438B-8F4D-EDAD054C5FB6}.Release|Any CPU.ActiveCfg = Release|Any CPU
		{920E95AF-F760-438B-8F4D-EDAD054C5FB6}.Release|Any CPU.Build.0 = Release|Any CPU
		{6979CEAC-7775-4ACF-81AF-C1A4766C2DA1}.Debug|Any CPU.ActiveCfg = Debug|Any CPU
		{6979CEAC-7775-4ACF-81AF-C1A4766C2DA1}.Debug|Any CPU.Build.0 = Debug|Any CPU
		{6979CEAC-7775-4ACF-81AF-C1A4766C2DA1}.Release|Any CPU.ActiveCfg = Release|Any CPU
		{6979CEAC-7775-4ACF-81AF-C1A4766C2DA1}.Release|Any CPU.Build.0 = Release|Any CPU
		{3EAF1574-6A5E-411D-84DC-492984F6A131}.Debug|Any CPU.ActiveCfg = Debug|Any CPU
		{3EAF1574-6A5E-411D-84DC-492984F6A131}.Debug|Any CPU.Build.0 = Debug|Any CPU
		{3EAF1574-6A5E-411D-84DC-492984F6A131}.Release|Any CPU.ActiveCfg = Release|Any CPU
		{3EAF1574-6A5E-411D-84DC-492984F6A131}.Release|Any CPU.Build.0 = Release|Any CPU
		{571B1F93-9EE1-4B71-9F97-06AF5F4D82EB}.Debug|Any CPU.ActiveCfg = Debug|Any CPU
		{571B1F93-9EE1-4B71-9F97-06AF5F4D82EB}.Debug|Any CPU.Build.0 = Debug|Any CPU
		{571B1F93-9EE1-4B71-9F97-06AF5F4D82EB}.Release|Any CPU.ActiveCfg = Release|Any CPU
		{571B1F93-9EE1-4B71-9F97-06AF5F4D82EB}.Release|Any CPU.Build.0 = Release|Any CPU
		{FC119DCA-EEB5-47A2-9A74-627A99DB3ED1}.Debug|Any CPU.ActiveCfg = Debug|Any CPU
		{FC119DCA-EEB5-47A2-9A74-627A99DB3ED1}.Debug|Any CPU.Build.0 = Debug|Any CPU
		{FC119DCA-EEB5-47A2-9A74-627A99DB3ED1}.Release|Any CPU.ActiveCfg = Release|Any CPU
		{FC119DCA-EEB5-47A2-9A74-627A99DB3ED1}.Release|Any CPU.Build.0 = Release|Any CPU
		{182296E6-8C89-499C-AD06-A4038C3FB9C1}.Debug|Any CPU.ActiveCfg = Debug|Any CPU
		{182296E6-8C89-499C-AD06-A4038C3FB9C1}.Debug|Any CPU.Build.0 = Debug|Any CPU
		{182296E6-8C89-499C-AD06-A4038C3FB9C1}.Release|Any CPU.ActiveCfg = Release|Any CPU
		{182296E6-8C89-499C-AD06-A4038C3FB9C1}.Release|Any CPU.Build.0 = Release|Any CPU
		{AD3A8977-4548-4C55-B586-A02FFA79D113}.Debug|Any CPU.ActiveCfg = Debug|Any CPU
		{AD3A8977-4548-4C55-B586-A02FFA79D113}.Debug|Any CPU.Build.0 = Debug|Any CPU
		{AD3A8977-4548-4C55-B586-A02FFA79D113}.Release|Any CPU.ActiveCfg = Release|Any CPU
		{AD3A8977-4548-4C55-B586-A02FFA79D113}.Release|Any CPU.Build.0 = Release|Any CPU
		{1283E371-D6D2-4C70-815D-DD22465AEF87}.Debug|Any CPU.ActiveCfg = Debug|Any CPU
		{1283E371-D6D2-4C70-815D-DD22465AEF87}.Debug|Any CPU.Build.0 = Debug|Any CPU
		{1283E371-D6D2-4C70-815D-DD22465AEF87}.Release|Any CPU.ActiveCfg = Release|Any CPU
		{1283E371-D6D2-4C70-815D-DD22465AEF87}.Release|Any CPU.Build.0 = Release|Any CPU
		{B5B837F9-3F5E-412E-8A51-D97DE986FD24}.Debug|Any CPU.ActiveCfg = Debug|Any CPU
		{B5B837F9-3F5E-412E-8A51-D97DE986FD24}.Debug|Any CPU.Build.0 = Debug|Any CPU
		{B5B837F9-3F5E-412E-8A51-D97DE986FD24}.Release|Any CPU.ActiveCfg = Release|Any CPU
		{B5B837F9-3F5E-412E-8A51-D97DE986FD24}.Release|Any CPU.Build.0 = Release|Any CPU
	EndGlobalSection
EndGlobal
